
Microsoft Visual Studio Solution File, Format Version 12.00
# Visual Studio 15
VisualStudioVersion = 15.0.26124.0
MinimumVisualStudioVersion = 15.0.26124.0
Project("{2150E333-8FDC-42A3-9474-1A3956D46DE8}") = "src", "src", "{DAF34E1D-879A-49D7-9C20-B1B44E002719}"
EndProject
Project("{FAE04EC0-301F-11D3-BF4B-00C04F79EFBC}") = "Academia.Application", "src\Academia.Application\Academia.Application.csproj", "{862990D7-4944-40FA-9545-07F4F3EF0A0C}"
EndProject
Project("{FAE04EC0-301F-11D3-BF4B-00C04F79EFBC}") = "Academia.CrossCutting", "src\Academia.CrossCutting\Academia.CrossCutting.csproj", "{16A04553-22E6-41F3-8EBF-D8295FEDC200}"
EndProject
Project("{FAE04EC0-301F-11D3-BF4B-00C04F79EFBC}") = "Academia.Data", "src\Academia.Data\Academia.Data.csproj", "{2582E87F-06F9-4999-91B1-C96D88581CF5}"
EndProject
Project("{FAE04EC0-301F-11D3-BF4B-00C04F79EFBC}") = "Academia.Domain", "src\Academia.Domain\Academia.Domain.csproj", "{4D03C0FA-8570-4910-B0D2-6ABFB741EDE5}"
EndProject
Project("{FAE04EC0-301F-11D3-BF4B-00C04F79EFBC}") = "Academia.Service", "src\Academia.Service\Academia.Service.csproj", "{F8D5FBF7-3F2A-40B6-A756-7C4651058448}"
EndProject
Global
	GlobalSection(SolutionConfigurationPlatforms) = preSolution
		Debug|Any CPU = Debug|Any CPU
		Debug|x64 = Debug|x64
		Debug|x86 = Debug|x86
		Release|Any CPU = Release|Any CPU
		Release|x64 = Release|x64
		Release|x86 = Release|x86
	EndGlobalSection
	GlobalSection(SolutionProperties) = preSolution
		HideSolutionNode = FALSE
	EndGlobalSection
	GlobalSection(ProjectConfigurationPlatforms) = postSolution
		{862990D7-4944-40FA-9545-07F4F3EF0A0C}.Debug|Any CPU.ActiveCfg = Debug|Any CPU
		{862990D7-4944-40FA-9545-07F4F3EF0A0C}.Debug|Any CPU.Build.0 = Debug|Any CPU
		{862990D7-4944-40FA-9545-07F4F3EF0A0C}.Debug|x64.ActiveCfg = Debug|Any CPU
		{862990D7-4944-40FA-9545-07F4F3EF0A0C}.Debug|x64.Build.0 = Debug|Any CPU
		{862990D7-4944-40FA-9545-07F4F3EF0A0C}.Debug|x86.ActiveCfg = Debug|Any CPU
		{862990D7-4944-40FA-9545-07F4F3EF0A0C}.Debug|x86.Build.0 = Debug|Any CPU
		{862990D7-4944-40FA-9545-07F4F3EF0A0C}.Release|Any CPU.ActiveCfg = Release|Any CPU
		{862990D7-4944-40FA-9545-07F4F3EF0A0C}.Release|Any CPU.Build.0 = Release|Any CPU
		{862990D7-4944-40FA-9545-07F4F3EF0A0C}.Release|x64.ActiveCfg = Release|Any CPU
		{862990D7-4944-40FA-9545-07F4F3EF0A0C}.Release|x64.Build.0 = Release|Any CPU
		{862990D7-4944-40FA-9545-07F4F3EF0A0C}.Release|x86.ActiveCfg = Release|Any CPU
		{862990D7-4944-40FA-9545-07F4F3EF0A0C}.Release|x86.Build.0 = Release|Any CPU
		{16A04553-22E6-41F3-8EBF-D8295FEDC200}.Debug|Any CPU.ActiveCfg = Debug|Any CPU
		{16A04553-22E6-41F3-8EBF-D8295FEDC200}.Debug|Any CPU.Build.0 = Debug|Any CPU
		{16A04553-22E6-41F3-8EBF-D8295FEDC200}.Debug|x64.ActiveCfg = Debug|Any CPU
		{16A04553-22E6-41F3-8EBF-D8295FEDC200}.Debug|x64.Build.0 = Debug|Any CPU
		{16A04553-22E6-41F3-8EBF-D8295FEDC200}.Debug|x86.ActiveCfg = Debug|Any CPU
		{16A04553-22E6-41F3-8EBF-D8295FEDC200}.Debug|x86.Build.0 = Debug|Any CPU
		{16A04553-22E6-41F3-8EBF-D8295FEDC200}.Release|Any CPU.ActiveCfg = Release|Any CPU
		{16A04553-22E6-41F3-8EBF-D8295FEDC200}.Release|Any CPU.Build.0 = Release|Any CPU
		{16A04553-22E6-41F3-8EBF-D8295FEDC200}.Release|x64.ActiveCfg = Release|Any CPU
		{16A04553-22E6-41F3-8EBF-D8295FEDC200}.Release|x64.Build.0 = Release|Any CPU
		{16A04553-22E6-41F3-8EBF-D8295FEDC200}.Release|x86.ActiveCfg = Release|Any CPU
		{16A04553-22E6-41F3-8EBF-D8295FEDC200}.Release|x86.Build.0 = Release|Any CPU
		{2582E87F-06F9-4999-91B1-C96D88581CF5}.Debug|Any CPU.ActiveCfg = Debug|Any CPU
		{2582E87F-06F9-4999-91B1-C96D88581CF5}.Debug|Any CPU.Build.0 = Debug|Any CPU
		{2582E87F-06F9-4999-91B1-C96D88581CF5}.Debug|x64.ActiveCfg = Debug|Any CPU
		{2582E87F-06F9-4999-91B1-C96D88581CF5}.Debug|x64.Build.0 = Debug|Any CPU
		{2582E87F-06F9-4999-91B1-C96D88581CF5}.Debug|x86.ActiveCfg = Debug|Any CPU
		{2582E87F-06F9-4999-91B1-C96D88581CF5}.Debug|x86.Build.0 = Debug|Any CPU
		{2582E87F-06F9-4999-91B1-C96D88581CF5}.Release|Any CPU.ActiveCfg = Release|Any CPU
		{2582E87F-06F9-4999-91B1-C96D88581CF5}.Release|Any CPU.Build.0 = Release|Any CPU
		{2582E87F-06F9-4999-91B1-C96D88581CF5}.Release|x64.ActiveCfg = Release|Any CPU
		{2582E87F-06F9-4999-91B1-C96D88581CF5}.Release|x64.Build.0 = Release|Any CPU
		{2582E87F-06F9-4999-91B1-C96D88581CF5}.Release|x86.ActiveCfg = Release|Any CPU
		{2582E87F-06F9-4999-91B1-C96D88581CF5}.Release|x86.Build.0 = Release|Any CPU
		{4D03C0FA-8570-4910-B0D2-6ABFB741EDE5}.Debug|Any CPU.ActiveCfg = Debug|Any CPU
		{4D03C0FA-8570-4910-B0D2-6ABFB741EDE5}.Debug|Any CPU.Build.0 = Debug|Any CPU
		{4D03C0FA-8570-4910-B0D2-6ABFB741EDE5}.Debug|x64.ActiveCfg = Debug|Any CPU
		{4D03C0FA-8570-4910-B0D2-6ABFB741EDE5}.Debug|x64.Build.0 = Debug|Any CPU
		{4D03C0FA-8570-4910-B0D2-6ABFB741EDE5}.Debug|x86.ActiveCfg = Debug|Any CPU
		{4D03C0FA-8570-4910-B0D2-6ABFB741EDE5}.Debug|x86.Build.0 = Debug|Any CPU
		{4D03C0FA-8570-4910-B0D2-6ABFB741EDE5}.Release|Any CPU.ActiveCfg = Release|Any CPU
		{4D03C0FA-8570-4910-B0D2-6ABFB741EDE5}.Release|Any CPU.Build.0 = Release|Any CPU
		{4D03C0FA-8570-4910-B0D2-6ABFB741EDE5}.Release|x64.ActiveCfg = Release|Any CPU
		{4D03C0FA-8570-4910-B0D2-6ABFB741EDE5}.Release|x64.Build.0 = Release|Any CPU
		{4D03C0FA-8570-4910-B0D2-6ABFB741EDE5}.Release|x86.ActiveCfg = Release|Any CPU
		{4D03C0FA-8570-4910-B0D2-6ABFB741EDE5}.Release|x86.Build.0 = Release|Any CPU
		{F8D5FBF7-3F2A-40B6-A756-7C4651058448}.Debug|Any CPU.ActiveCfg = Debug|Any CPU
		{F8D5FBF7-3F2A-40B6-A756-7C4651058448}.Debug|Any CPU.Build.0 = Debug|Any CPU
		{F8D5FBF7-3F2A-40B6-A756-7C4651058448}.Debug|x64.ActiveCfg = Debug|Any CPU
		{F8D5FBF7-3F2A-40B6-A756-7C4651058448}.Debug|x64.Build.0 = Debug|Any CPU
		{F8D5FBF7-3F2A-40B6-A756-7C4651058448}.Debug|x86.ActiveCfg = Debug|Any CPU
		{F8D5FBF7-3F2A-40B6-A756-7C4651058448}.Debug|x86.Build.0 = Debug|Any CPU
		{F8D5FBF7-3F2A-40B6-A756-7C4651058448}.Release|Any CPU.ActiveCfg = Release|Any CPU
		{F8D5FBF7-3F2A-40B6-A756-7C4651058448}.Release|Any CPU.Build.0 = Release|Any CPU
		{F8D5FBF7-3F2A-40B6-A756-7C4651058448}.Release|x64.ActiveCfg = Release|Any CPU
		{F8D5FBF7-3F2A-40B6-A756-7C4651058448}.Release|x64.Build.0 = Release|Any CPU
		{F8D5FBF7-3F2A-40B6-A756-7C4651058448}.Release|x86.ActiveCfg = Release|Any CPU
		{F8D5FBF7-3F2A-40B6-A756-7C4651058448}.Release|x86.Build.0 = Release|Any CPU
	EndGlobalSection
	GlobalSection(NestedProjects) = preSolution
		{862990D7-4944-40FA-9545-07F4F3EF0A0C} = {DAF34E1D-879A-49D7-9C20-B1B44E002719}
		{16A04553-22E6-41F3-8EBF-D8295FEDC200} = {DAF34E1D-879A-49D7-9C20-B1B44E002719}
		{2582E87F-06F9-4999-91B1-C96D88581CF5} = {DAF34E1D-879A-49D7-9C20-B1B44E002719}
		{4D03C0FA-8570-4910-B0D2-6ABFB741EDE5} = {DAF34E1D-879A-49D7-9C20-B1B44E002719}
		{F8D5FBF7-3F2A-40B6-A756-7C4651058448} = {DAF34E1D-879A-49D7-9C20-B1B44E002719}
	EndGlobalSection
EndGlobal
